
Microsoft Visual Studio Solution File, Format Version 12.00
# Visual Studio Version 17
VisualStudioVersion = 17.11.35222.181
MinimumVisualStudioVersion = 10.0.40219.1
Project("{FAE04EC0-301F-11D3-BF4B-00C04F79EFBC}") = "Es2_GestioneDiUnaListaDiStudenti", "Es2_GestioneDiUnaListaDiStudenti\Es2_GestioneDiUnaListaDiStudenti.csproj", "{015BAA9A-1A2A-4C0F-80DC-AE0D20C25C2B}"
EndProject
Global
	GlobalSection(SolutionConfigurationPlatforms) = preSolution
		Debug|Any CPU = Debug|Any CPU
		Release|Any CPU = Release|Any CPU
	EndGlobalSection
	GlobalSection(ProjectConfigurationPlatforms) = postSolution
		{015BAA9A-1A2A-4C0F-80DC-AE0D20C25C2B}.Debug|Any CPU.ActiveCfg = Debug|Any CPU
		{015BAA9A-1A2A-4C0F-80DC-AE0D20C25C2B}.Debug|Any CPU.Build.0 = Debug|Any CPU
		{015BAA9A-1A2A-4C0F-80DC-AE0D20C25C2B}.Release|Any CPU.ActiveCfg = Release|Any CPU
		{015BAA9A-1A2A-4C0F-80DC-AE0D20C25C2B}.Release|Any CPU.Build.0 = Release|Any CPU
	EndGlobalSection
	GlobalSection(SolutionProperties) = preSolution
		HideSolutionNode = FALSE
	EndGlobalSection
	GlobalSection(ExtensibilityGlobals) = postSolution
		SolutionGuid = {D511D68F-C010-4A06-8FDD-3BC374BCB287}
	EndGlobalSection
EndGlobal
